
Microsoft Visual Studio Solution File, Format Version 12.00
# Visual Studio Version 16
VisualStudioVersion = 16.0.32630.194
MinimumVisualStudioVersion = 10.0.40219.1
Project("{FAE04EC0-301F-11D3-BF4B-00C04F79EFBC}") = "semana 2- proyecto de consola calculadora henry sanchezpt2", "semana 2- proyecto de consola calculadora henry sanchezpt2.csproj", "{FCDA304D-80F0-4CE7-B748-3A876BCB7FE7}"
EndProject
Global
	GlobalSection(SolutionConfigurationPlatforms) = preSolution
		Debug|Any CPU = Debug|Any CPU
		Release|Any CPU = Release|Any CPU
	EndGlobalSection
	GlobalSection(ProjectConfigurationPlatforms) = postSolution
		{FCDA304D-80F0-4CE7-B748-3A876BCB7FE7}.Debug|Any CPU.ActiveCfg = Debug|Any CPU
		{FCDA304D-80F0-4CE7-B748-3A876BCB7FE7}.Debug|Any CPU.Build.0 = Debug|Any CPU
		{FCDA304D-80F0-4CE7-B748-3A876BCB7FE7}.Release|Any CPU.ActiveCfg = Release|Any CPU
		{FCDA304D-80F0-4CE7-B748-3A876BCB7FE7}.Release|Any CPU.Build.0 = Release|Any CPU
	EndGlobalSection
	GlobalSection(SolutionProperties) = preSolution
		HideSolutionNode = FALSE
	EndGlobalSection
	GlobalSection(ExtensibilityGlobals) = postSolution
		SolutionGuid = {A4143336-EAF8-4C0B-A2EE-831B222DC763}
	EndGlobalSection
EndGlobal
